// !$*UTF8*$!
{
	archiveVersion = 1;
	classes = {
	};
	objectVersion = 46;
	objects = {

/* Begin PBXBuildFile section */
		F3A2FB321C9AD33300F55111 /* BeleefDeLenteView.swift in Sources */ = {isa = PBXBuildFile; fileRef = F3A2FB311C9AD33300F55111 /* BeleefDeLenteView.swift */; };
		F3A2FB371C9AD4F900F55111 /* Alamofire.framework in Frameworks */ = {isa = PBXBuildFile; fileRef = F3A2FB331C9AD4F900F55111 /* Alamofire.framework */; };
		F3A2FB381C9AD4F900F55111 /* AlamofireImage.framework in Frameworks */ = {isa = PBXBuildFile; fileRef = F3A2FB341C9AD4F900F55111 /* AlamofireImage.framework */; };
		F3A2FB391C9AD4F900F55111 /* AlamofireObjectMapper.framework in Frameworks */ = {isa = PBXBuildFile; fileRef = F3A2FB351C9AD4F900F55111 /* AlamofireObjectMapper.framework */; };
		F3A2FB3A1C9AD4F900F55111 /* ObjectMapper.framework in Frameworks */ = {isa = PBXBuildFile; fileRef = F3A2FB361C9AD4F900F55111 /* ObjectMapper.framework */; };
		F3A2FB451C9AD66000F55111 /* APIManager.swift in Sources */ = {isa = PBXBuildFile; fileRef = F3A2FB3F1C9AD66000F55111 /* APIManager.swift */; };
		F3A2FB461C9AD66000F55111 /* MetaData.swift in Sources */ = {isa = PBXBuildFile; fileRef = F3A2FB401C9AD66000F55111 /* MetaData.swift */; };
		F3A2FB471C9AD66000F55111 /* Confirmation.swift in Sources */ = {isa = PBXBuildFile; fileRef = F3A2FB411C9AD66000F55111 /* Confirmation.swift */; };
		F3A2FB481C9AD66000F55111 /* Pattern.swift in Sources */ = {isa = PBXBuildFile; fileRef = F3A2FB421C9AD66000F55111 /* Pattern.swift */; };
		F3A2FB491C9AD66000F55111 /* Bird.swift in Sources */ = {isa = PBXBuildFile; fileRef = F3A2FB431C9AD66000F55111 /* Bird.swift */; };
		F3A2FB4A1C9AD66000F55111 /* Camera.swift in Sources */ = {isa = PBXBuildFile; fileRef = F3A2FB441C9AD66000F55111 /* Camera.swift */; };
		F3A2FB4E1C9AD6ED00F55111 /* CleanroomASL.framework in Frameworks */ = {isa = PBXBuildFile; fileRef = F3A2FB4C1C9AD6ED00F55111 /* CleanroomASL.framework */; };
		F3A2FB4F1C9AD6ED00F55111 /* CleanroomLogger.framework in Frameworks */ = {isa = PBXBuildFile; fileRef = F3A2FB4D1C9AD6ED00F55111 /* CleanroomLogger.framework */; };
/* End PBXBuildFile section */

/* Begin PBXFileReference section */
		F3A2FB241C9AD23200F55111 /* BeleefDeLente.saver */ = {isa = PBXFileReference; explicitFileType = wrapper.cfbundle; includeInIndex = 0; path = BeleefDeLente.saver; sourceTree = BUILT_PRODUCTS_DIR; };
		F3A2FB2B1C9AD23200F55111 /* Info.plist */ = {isa = PBXFileReference; lastKnownFileType = text.plist.xml; path = Info.plist; sourceTree = "<group>"; };
		F3A2FB311C9AD33300F55111 /* BeleefDeLenteView.swift */ = {isa = PBXFileReference; fileEncoding = 4; lastKnownFileType = sourcecode.swift; path = BeleefDeLenteView.swift; sourceTree = "<group>"; };
		F3A2FB331C9AD4F900F55111 /* Alamofire.framework */ = {isa = PBXFileReference; lastKnownFileType = wrapper.framework; name = Alamofire.framework; path = Carthage/Build/Mac/Alamofire.framework; sourceTree = "<group>"; };
		F3A2FB341C9AD4F900F55111 /* AlamofireImage.framework */ = {isa = PBXFileReference; lastKnownFileType = wrapper.framework; name = AlamofireImage.framework; path = Carthage/Build/Mac/AlamofireImage.framework; sourceTree = "<group>"; };
		F3A2FB351C9AD4F900F55111 /* AlamofireObjectMapper.framework */ = {isa = PBXFileReference; lastKnownFileType = wrapper.framework; name = AlamofireObjectMapper.framework; path = Carthage/Build/Mac/AlamofireObjectMapper.framework; sourceTree = "<group>"; };
		F3A2FB361C9AD4F900F55111 /* ObjectMapper.framework */ = {isa = PBXFileReference; lastKnownFileType = wrapper.framework; name = ObjectMapper.framework; path = Carthage/Build/Mac/ObjectMapper.framework; sourceTree = "<group>"; };
		F3A2FB3F1C9AD66000F55111 /* APIManager.swift */ = {isa = PBXFileReference; fileEncoding = 4; lastKnownFileType = sourcecode.swift; path = APIManager.swift; sourceTree = "<group>"; };
		F3A2FB401C9AD66000F55111 /* MetaData.swift */ = {isa = PBXFileReference; fileEncoding = 4; lastKnownFileType = sourcecode.swift; path = MetaData.swift; sourceTree = "<group>"; };
		F3A2FB411C9AD66000F55111 /* Confirmation.swift */ = {isa = PBXFileReference; fileEncoding = 4; lastKnownFileType = sourcecode.swift; path = Confirmation.swift; sourceTree = "<group>"; };
		F3A2FB421C9AD66000F55111 /* Pattern.swift */ = {isa = PBXFileReference; fileEncoding = 4; lastKnownFileType = sourcecode.swift; path = Pattern.swift; sourceTree = "<group>"; };
		F3A2FB431C9AD66000F55111 /* Bird.swift */ = {isa = PBXFileReference; fileEncoding = 4; lastKnownFileType = sourcecode.swift; path = Bird.swift; sourceTree = "<group>"; };
		F3A2FB441C9AD66000F55111 /* Camera.swift */ = {isa = PBXFileReference; fileEncoding = 4; lastKnownFileType = sourcecode.swift; path = Camera.swift; sourceTree = "<group>"; };
		F3A2FB4C1C9AD6ED00F55111 /* CleanroomASL.framework */ = {isa = PBXFileReference; lastKnownFileType = wrapper.framework; name = CleanroomASL.framework; path = Carthage/Build/Mac/CleanroomASL.framework; sourceTree = "<group>"; };
		F3A2FB4D1C9AD6ED00F55111 /* CleanroomLogger.framework */ = {isa = PBXFileReference; lastKnownFileType = wrapper.framework; name = CleanroomLogger.framework; path = Carthage/Build/Mac/CleanroomLogger.framework; sourceTree = "<group>"; };
/* End PBXFileReference section */

/* Begin PBXFrameworksBuildPhase section */
		F3A2FB201C9AD23200F55111 /* Frameworks */ = {
			isa = PBXFrameworksBuildPhase;
			buildActionMask = 2147483647;
			files = (
				F3A2FB371C9AD4F900F55111 /* Alamofire.framework in Frameworks */,
				F3A2FB391C9AD4F900F55111 /* AlamofireObjectMapper.framework in Frameworks */,
				F3A2FB4E1C9AD6ED00F55111 /* CleanroomASL.framework in Frameworks */,
				F3A2FB4F1C9AD6ED00F55111 /* CleanroomLogger.framework in Frameworks */,
				F3A2FB3A1C9AD4F900F55111 /* ObjectMapper.framework in Frameworks */,
				F3A2FB381C9AD4F900F55111 /* AlamofireImage.framework in Frameworks */,
			);
			runOnlyForDeploymentPostprocessing = 0;
		};
/* End PBXFrameworksBuildPhase section */

/* Begin PBXGroup section */
		F3A2FB1A1C9AD23200F55111 = {
			isa = PBXGroup;
			children = (
				F3A2FB3B1C9AD4FE00F55111 /* Frameworks */,
				F3A2FB261C9AD23200F55111 /* BeleefDeLente */,
				F3A2FB251C9AD23200F55111 /* Products */,
			);
			sourceTree = "<group>";
		};
		F3A2FB251C9AD23200F55111 /* Products */ = {
			isa = PBXGroup;
			children = (
				F3A2FB241C9AD23200F55111 /* BeleefDeLente.saver */,
			);
			name = Products;
			sourceTree = "<group>";
		};
		F3A2FB261C9AD23200F55111 /* BeleefDeLente */ = {
			isa = PBXGroup;
			children = (
				F3A2FB2B1C9AD23200F55111 /* Info.plist */,
				F3A2FB311C9AD33300F55111 /* BeleefDeLenteView.swift */,
				F3A2FB4B1C9AD66500F55111 /* API */,
			);
			path = BeleefDeLente;
			sourceTree = "<group>";
		};
		F3A2FB3B1C9AD4FE00F55111 /* Frameworks */ = {
			isa = PBXGroup;
			children = (
				F3A2FB4C1C9AD6ED00F55111 /* CleanroomASL.framework */,
				F3A2FB4D1C9AD6ED00F55111 /* CleanroomLogger.framework */,
				F3A2FB331C9AD4F900F55111 /* Alamofire.framework */,
				F3A2FB341C9AD4F900F55111 /* AlamofireImage.framework */,
				F3A2FB351C9AD4F900F55111 /* AlamofireObjectMapper.framework */,
				F3A2FB361C9AD4F900F55111 /* ObjectMapper.framework */,
			);
			name = Frameworks;
			sourceTree = "<group>";
		};
		F3A2FB4B1C9AD66500F55111 /* API */ = {
			isa = PBXGroup;
			children = (
				F3A2FB3F1C9AD66000F55111 /* APIManager.swift */,
				F3A2FB401C9AD66000F55111 /* MetaData.swift */,
				F3A2FB411C9AD66000F55111 /* Confirmation.swift */,
				F3A2FB421C9AD66000F55111 /* Pattern.swift */,
				F3A2FB431C9AD66000F55111 /* Bird.swift */,
				F3A2FB441C9AD66000F55111 /* Camera.swift */,
			);
			name = API;
			sourceTree = "<group>";
		};
/* End PBXGroup section */

/* Begin PBXHeadersBuildPhase section */
		F3A2FB211C9AD23200F55111 /* Headers */ = {
			isa = PBXHeadersBuildPhase;
			buildActionMask = 2147483647;
			files = (
			);
			runOnlyForDeploymentPostprocessing = 0;
		};
/* End PBXHeadersBuildPhase section */

/* Begin PBXNativeTarget section */
		F3A2FB231C9AD23200F55111 /* BeleefDeLente */ = {
			isa = PBXNativeTarget;
			buildConfigurationList = F3A2FB2E1C9AD23200F55111 /* Build configuration list for PBXNativeTarget "BeleefDeLente" */;
			buildPhases = (
				F3A2FB1F1C9AD23200F55111 /* Sources */,
				F3A2FB201C9AD23200F55111 /* Frameworks */,
				F3A2FB211C9AD23200F55111 /* Headers */,
				F3A2FB221C9AD23200F55111 /* Resources */,
				F3A2FB3C1C9AD56400F55111 /* Carthage */,
				F3A2FB3E1C9AD61A00F55111 /* Swiftlint */,
			);
			buildRules = (
			);
			dependencies = (
			);
			name = BeleefDeLente;
			productName = BeleefDeLente;
			productReference = F3A2FB241C9AD23200F55111 /* BeleefDeLente.saver */;
			productType = "com.apple.product-type.bundle";
		};
/* End PBXNativeTarget section */

/* Begin PBXProject section */
		F3A2FB1B1C9AD23200F55111 /* Project object */ = {
			isa = PBXProject;
			attributes = {
				LastUpgradeCheck = 0720;
				ORGANIZATIONNAME = "Jeroen Wesbeek";
				TargetAttributes = {
					F3A2FB231C9AD23200F55111 = {
						CreatedOnToolsVersion = 7.2.1;
					};
				};
			};
			buildConfigurationList = F3A2FB1E1C9AD23200F55111 /* Build configuration list for PBXProject "BeleefDeLente" */;
			compatibilityVersion = "Xcode 3.2";
			developmentRegion = English;
			hasScannedForEncodings = 0;
			knownRegions = (
				en,
			);
			mainGroup = F3A2FB1A1C9AD23200F55111;
			productRefGroup = F3A2FB251C9AD23200F55111 /* Products */;
			projectDirPath = "";
			projectRoot = "";
			targets = (
				F3A2FB231C9AD23200F55111 /* BeleefDeLente */,
			);
		};
/* End PBXProject section */

/* Begin PBXResourcesBuildPhase section */
		F3A2FB221C9AD23200F55111 /* Resources */ = {
			isa = PBXResourcesBuildPhase;
			buildActionMask = 2147483647;
			files = (
			);
			runOnlyForDeploymentPostprocessing = 0;
		};
/* End PBXResourcesBuildPhase section */

/* Begin PBXShellScriptBuildPhase section */
		F3A2FB3C1C9AD56400F55111 /* Carthage */ = {
			isa = PBXShellScriptBuildPhase;
			buildActionMask = 2147483647;
			files = (
			);
			inputPaths = (
				"$(SRCROOT)/Carthage/Build/Mac/Alamofire.framework",
				"$(SRCROOT)/Carthage/Build/Mac/AlamofireImage.framework",
				"$(SRCROOT)/Carthage/Build/Mac/ObjectMapper.framework",
				"$(SRCROOT)/Carthage/Build/Mac/AlamofireObjectMapper.framework",
				"$(SRCROOT)/Carthage/Build/Mac/CleanroomASL.framework",
				"$(SRCROOT)/Carthage/Build/Mac/CleanroomLogger.framework",
			);
			name = Carthage;
			outputPaths = (
			);
			runOnlyForDeploymentPostprocessing = 0;
			shellPath = /bin/sh;
			shellScript = "/usr/local/bin/carthage copy-frameworks";
		};
		F3A2FB3E1C9AD61A00F55111 /* Swiftlint */ = {
			isa = PBXShellScriptBuildPhase;
			buildActionMask = 2147483647;
			files = (
			);
			inputPaths = (
			);
			name = Swiftlint;
			outputPaths = (
			);
			runOnlyForDeploymentPostprocessing = 0;
			shellPath = /bin/sh;
			shellScript = "if which swiftlint >/dev/null; then\n    swiftlint\nelse\n    echo \"warning: SwiftLint not installed, download from https://github.com/realm/SwiftLint\"\nfi";
		};
/* End PBXShellScriptBuildPhase section */

/* Begin PBXSourcesBuildPhase section */
		F3A2FB1F1C9AD23200F55111 /* Sources */ = {
			isa = PBXSourcesBuildPhase;
			buildActionMask = 2147483647;
			files = (
				F3A2FB451C9AD66000F55111 /* APIManager.swift in Sources */,
				F3A2FB481C9AD66000F55111 /* Pattern.swift in Sources */,
				F3A2FB321C9AD33300F55111 /* BeleefDeLenteView.swift in Sources */,
				F3A2FB471C9AD66000F55111 /* Confirmation.swift in Sources */,
				F3A2FB491C9AD66000F55111 /* Bird.swift in Sources */,
				F3A2FB4A1C9AD66000F55111 /* Camera.swift in Sources */,
				F3A2FB461C9AD66000F55111 /* MetaData.swift in Sources */,
			);
			runOnlyForDeploymentPostprocessing = 0;
		};
/* End PBXSourcesBuildPhase section */

/* Begin XCBuildConfiguration section */
		F3A2FB2C1C9AD23200F55111 /* Debug */ = {
			isa = XCBuildConfiguration;
			buildSettings = {
				ALWAYS_SEARCH_USER_PATHS = NO;
				CLANG_CXX_LANGUAGE_STANDARD = "gnu++0x";
				CLANG_CXX_LIBRARY = "libc++";
				CLANG_ENABLE_MODULES = YES;
				CLANG_ENABLE_OBJC_ARC = YES;
				CLANG_WARN_BOOL_CONVERSION = YES;
				CLANG_WARN_CONSTANT_CONVERSION = YES;
				CLANG_WARN_DIRECT_OBJC_ISA_USAGE = YES_ERROR;
				CLANG_WARN_EMPTY_BODY = YES;
				CLANG_WARN_ENUM_CONVERSION = YES;
				CLANG_WARN_INT_CONVERSION = YES;
				CLANG_WARN_OBJC_ROOT_CLASS = YES_ERROR;
				CLANG_WARN_UNREACHABLE_CODE = YES;
				CLANG_WARN__DUPLICATE_METHOD_MATCH = YES;
				CODE_SIGN_IDENTITY = "-";
				COPY_PHASE_STRIP = NO;
				DEBUG_INFORMATION_FORMAT = dwarf;
				ENABLE_STRICT_OBJC_MSGSEND = YES;
				ENABLE_TESTABILITY = YES;
				GCC_C_LANGUAGE_STANDARD = gnu99;
				GCC_DYNAMIC_NO_PIC = NO;
				GCC_NO_COMMON_BLOCKS = YES;
				GCC_OPTIMIZATION_LEVEL = 0;
				GCC_PREPROCESSOR_DEFINITIONS = (
					"DEBUG=1",
					"$(inherited)",
				);
				GCC_WARN_64_TO_32_BIT_CONVERSION = YES;
				GCC_WARN_ABOUT_RETURN_TYPE = YES_ERROR;
				GCC_WARN_UNDECLARED_SELECTOR = YES;
				GCC_WARN_UNINITIALIZED_AUTOS = YES_AGGRESSIVE;
				GCC_WARN_UNUSED_FUNCTION = YES;
				GCC_WARN_UNUSED_VARIABLE = YES;
				MACOSX_DEPLOYMENT_TARGET = 10.10;
				MTL_ENABLE_DEBUG_INFO = YES;
				ONLY_ACTIVE_ARCH = YES;
				SDKROOT = macosx;
			};
			name = Debug;
		};
		F3A2FB2D1C9AD23200F55111 /* Release */ = {
			isa = XCBuildConfiguration;
			buildSettings = {
				ALWAYS_SEARCH_USER_PATHS = NO;
				CLANG_CXX_LANGUAGE_STANDARD = "gnu++0x";
				CLANG_CXX_LIBRARY = "libc++";
				CLANG_ENABLE_MODULES = YES;
				CLANG_ENABLE_OBJC_ARC = YES;
				CLANG_WARN_BOOL_CONVERSION = YES;
				CLANG_WARN_CONSTANT_CONVERSION = YES;
				CLANG_WARN_DIRECT_OBJC_ISA_USAGE = YES_ERROR;
				CLANG_WARN_EMPTY_BODY = YES;
				CLANG_WARN_ENUM_CONVERSION = YES;
				CLANG_WARN_INT_CONVERSION = YES;
				CLANG_WARN_OBJC_ROOT_CLASS = YES_ERROR;
				CLANG_WARN_UNREACHABLE_CODE = YES;
				CLANG_WARN__DUPLICATE_METHOD_MATCH = YES;
				CODE_SIGN_IDENTITY = "-";
				COPY_PHASE_STRIP = NO;
				DEBUG_INFORMATION_FORMAT = "dwarf-with-dsym";
				ENABLE_NS_ASSERTIONS = NO;
				ENABLE_STRICT_OBJC_MSGSEND = YES;
				GCC_C_LANGUAGE_STANDARD = gnu99;
				GCC_NO_COMMON_BLOCKS = YES;
				GCC_WARN_64_TO_32_BIT_CONVERSION = YES;
				GCC_WARN_ABOUT_RETURN_TYPE = YES_ERROR;
				GCC_WARN_UNDECLARED_SELECTOR = YES;
				GCC_WARN_UNINITIALIZED_AUTOS = YES_AGGRESSIVE;
				GCC_WARN_UNUSED_FUNCTION = YES;
				GCC_WARN_UNUSED_VARIABLE = YES;
				MACOSX_DEPLOYMENT_TARGET = 10.10;
				MTL_ENABLE_DEBUG_INFO = NO;
				SDKROOT = macosx;
			};
			name = Release;
		};
		F3A2FB2F1C9AD23200F55111 /* Debug */ = {
			isa = XCBuildConfiguration;
			buildSettings = {
				CLANG_ENABLE_MODULES = YES;
				COMBINE_HIDPI_IMAGES = YES;
				EMBEDDED_CONTENT_CONTAINS_SWIFT = YES;
				FRAMEWORK_SEARCH_PATHS = (
					"$(inherited)",
					"$(PROJECT_DIR)/Carthage/Build/Mac",
				);
				INFOPLIST_FILE = BeleefDeLente/Info.plist;
				INSTALL_PATH = "$(HOME)/Library/Screen Savers";
				LD_RUNPATH_SEARCH_PATHS = "$(inherited) @executable_path/../Frameworks @loader_path/../Frameworks";
				PRODUCT_BUNDLE_IDENTIFIER = eu.osx.BeleefDeLente;
				PRODUCT_NAME = "$(TARGET_NAME)";
				SWIFT_OPTIMIZATION_LEVEL = "-Onone";
				WRAPPER_EXTENSION = saver;
			};
			name = Debug;
		};
		F3A2FB301C9AD23200F55111 /* Release */ = {
			isa = XCBuildConfiguration;
			buildSettings = {
				CLANG_ENABLE_MODULES = YES;
				COMBINE_HIDPI_IMAGES = YES;
				EMBEDDED_CONTENT_CONTAINS_SWIFT = YES;
				FRAMEWORK_SEARCH_PATHS = (
					"$(inherited)",
					"$(PROJECT_DIR)/Carthage/Build/Mac",
				);
				INFOPLIST_FILE = BeleefDeLente/Info.plist;
				INSTALL_PATH = "$(HOME)/Library/Screen Savers";
				LD_RUNPATH_SEARCH_PATHS = "$(inherited) @executable_path/../Frameworks @loader_path/../Frameworks";
				PRODUCT_BUNDLE_IDENTIFIER = eu.osx.BeleefDeLente;
				PRODUCT_NAME = "$(TARGET_NAME)";
				WRAPPER_EXTENSION = saver;
			};
			name = Release;
		};
/* End XCBuildConfiguration section */

/* Begin XCConfigurationList section */
		F3A2FB1E1C9AD23200F55111 /* Build configuration list for PBXProject "BeleefDeLente" */ = {
			isa = XCConfigurationList;
			buildConfigurations = (
				F3A2FB2C1C9AD23200F55111 /* Debug */,
				F3A2FB2D1C9AD23200F55111 /* Release */,
			);
			defaultConfigurationIsVisible = 0;
			defaultConfigurationName = Release;
		};
		F3A2FB2E1C9AD23200F55111 /* Build configuration list for PBXNativeTarget "BeleefDeLente" */ = {
			isa = XCConfigurationList;
			buildConfigurations = (
				F3A2FB2F1C9AD23200F55111 /* Debug */,
				F3A2FB301C9AD23200F55111 /* Release */,
			);
			defaultConfigurationIsVisible = 0;
		};
/* End XCConfigurationList section */
	};
	rootObject = F3A2FB1B1C9AD23200F55111 /* Project object */;
}
